
Microsoft Visual Studio Solution File, Format Version 12.00
# Visual Studio 15
VisualStudioVersion = 15.0.28307.705
MinimumVisualStudioVersion = 10.0.40219.1
Project("{FAE04EC0-301F-11D3-BF4B-00C04F79EFBC}") = "api-framework", "api-framework\api-framework.csproj", "{F7D8BA5F-29D3-456B-8834-E7CA071AF4EA}"
EndProject
Global
	GlobalSection(SolutionConfigurationPlatforms) = preSolution
		Debug|Any CPU = Debug|Any CPU
		Release|Any CPU = Release|Any CPU
	EndGlobalSection
	GlobalSection(ProjectConfigurationPlatforms) = postSolution
		{F7D8BA5F-29D3-456B-8834-E7CA071AF4EA}.Debug|Any CPU.ActiveCfg = Debug|Any CPU
		{F7D8BA5F-29D3-456B-8834-E7CA071AF4EA}.Debug|Any CPU.Build.0 = Debug|Any CPU
		{F7D8BA5F-29D3-456B-8834-E7CA071AF4EA}.Release|Any CPU.ActiveCfg = Release|Any CPU
		{F7D8BA5F-29D3-456B-8834-E7CA071AF4EA}.Release|Any CPU.Build.0 = Release|Any CPU
	EndGlobalSection
	GlobalSection(SolutionProperties) = preSolution
		HideSolutionNode = FALSE
	EndGlobalSection
	GlobalSection(ExtensibilityGlobals) = postSolution
		SolutionGuid = {C8048323-12D7-4018-AA6A-D23B3D1F8325}
	EndGlobalSection
EndGlobal
